// !$*UTF8*$!
{
	archiveVersion = 1;
	classes = {
	};
	objectVersion = 46;
	objects = {

/* Begin PBXAggregateTarget section */
		25A0CDCA0DE500010042D226 /* Revision */ = {
			isa = PBXAggregateTarget;
			buildConfigurationList = 25A0CDD20DE500200042D226 /* Build configuration list for PBXAggregateTarget "Revision" */;
			buildPhases = (
				25A0CDC90DE500010042D226 /* ShellScript */,
			);
			dependencies = (
			);
			name = Revision;
			productName = BZRRevision;
		};
/* End PBXAggregateTarget section */

/* Begin PBXBuildFile section */
		250074550CF0B1C500949B95 /* Carbon.framework in Frameworks */ = {isa = PBXBuildFile; fileRef = 250074540CF0B1C500949B95 /* Carbon.framework */; };
		2500751C0CF0B2B600949B95 /* DTAppController.m in Sources */ = {isa = PBXBuildFile; fileRef = 2500751B0CF0B2B600949B95 /* DTAppController.m */; };
		250075200CF0B33600949B95 /* MainMenu.xib in Resources */ = {isa = PBXBuildFile; fileRef = 2500751E0CF0B33600949B95 /* MainMenu.xib */; };
		250075730CF0C24200949B95 /* ScriptingBridge.framework in Frameworks */ = {isa = PBXBuildFile; fileRef = 250075720CF0C24200949B95 /* ScriptingBridge.framework */; };
		251453C30D720F35000B6100 /* FontNameToDisplayNameTransformer.m in Sources */ = {isa = PBXBuildFile; fileRef = 251453C10D720F35000B6100 /* FontNameToDisplayNameTransformer.m */; };
		251D0E5F0D7CA32E00E9E49D /* DTAntialiasControllableTextField.m in Sources */ = {isa = PBXBuildFile; fileRef = 251D0E5E0D7CA32E00E9E49D /* DTAntialiasControllableTextField.m */; };
		25229FF50CF8BEDE00DF702E /* DTTermWindowContentView.m in Sources */ = {isa = PBXBuildFile; fileRef = 25229FF40CF8BEDE00DF702E /* DTTermWindowContentView.m */; };
		2522A1020CFB540500DF702E /* DTResultsTextView.m in Sources */ = {isa = PBXBuildFile; fileRef = 2522A1010CFB540500DF702E /* DTResultsTextView.m */; };
		2525DE5F0D234AE0009A5592 /* Growl Registration Ticket.growlRegDict in Resources */ = {isa = PBXBuildFile; fileRef = 2525DE5E0D234AE0009A5592 /* Growl Registration Ticket.growlRegDict */; };
		2529F6BC0CF4CD0700CDF456 /* DTBlackRedStatusTransformer.m in Sources */ = {isa = PBXBuildFile; fileRef = 2529F6BB0CF4CD0700CDF456 /* DTBlackRedStatusTransformer.m */; };
		2529F76E0CF4D61100CDF456 /* Security.framework in Frameworks */ = {isa = PBXBuildFile; fileRef = 2529F76D0CF4D61100CDF456 /* Security.framework */; };
		2529F8510CF5F6AB00CDF456 /* DTerm.icns in Resources */ = {isa = PBXBuildFile; fileRef = 2529F8500CF5F6AB00CDF456 /* DTerm.icns */; };
		254036C610FFCDCC0076CE83 /* Localizable.strings in Resources */ = {isa = PBXBuildFile; fileRef = 254036C410FFCDCC0076CE83 /* Localizable.strings */; };
		257158E90CFF9A99007181F4 /* DTShellUtilities.m in Sources */ = {isa = PBXBuildFile; fileRef = 257158E80CFF9A99007181F4 /* DTShellUtilities.m */; };
		257159290CFFAB52007181F4 /* ShellUtilitiesTests.m in Sources */ = {isa = PBXBuildFile; fileRef = 257159280CFFAB52007181F4 /* ShellUtilitiesTests.m */; };
		257355CE0D1085B5008E7D0F /* Acknowledgments.rtf in Resources */ = {isa = PBXBuildFile; fileRef = 257355CD0D1085B5008E7D0F /* Acknowledgments.rtf */; };
		257355F30D1087D6008E7D0F /* License.rtf in Resources */ = {isa = PBXBuildFile; fileRef = 257355F20D1087D6008E7D0F /* License.rtf */; };
		257355F60D108839008E7D0F /* RTFWindowController.m in Sources */ = {isa = PBXBuildFile; fileRef = 257355F50D108839008E7D0F /* RTFWindowController.m */; };
		257355FC0D108999008E7D0F /* RTFWindow.xib in Resources */ = {isa = PBXBuildFile; fileRef = 257355FB0D108999008E7D0F /* RTFWindow.xib */; };
		257357BB0D10F231008E7D0F /* DSNumberFormatterTransformer.m in Sources */ = {isa = PBXBuildFile; fileRef = 257357BA0D10F231008E7D0F /* DSNumberFormatterTransformer.m */; };
		257357E60D10F987008E7D0F /* DSDecimalToIntegerTransformer.m in Sources */ = {isa = PBXBuildFile; fileRef = 257357E50D10F987008E7D0F /* DSDecimalToIntegerTransformer.m */; };
		2583733F0CFE105F00943791 /* DTResultsView.m in Sources */ = {isa = PBXBuildFile; fileRef = 2583733E0CFE105F00943791 /* DTResultsView.m */; };
		258373440CFE12A000943791 /* DTRunManager.m in Sources */ = {isa = PBXBuildFile; fileRef = 258373430CFE12A000943791 /* DTRunManager.m */; };
		258375660CFF47E600943791 /* DTCommandFieldEditor.m in Sources */ = {isa = PBXBuildFile; fileRef = 258375650CFF47E600943791 /* DTCommandFieldEditor.m */; };
		25878A240D03399E00255595 /* DTProgressCancelButton.m in Sources */ = {isa = PBXBuildFile; fileRef = 25878A230D03399E00255595 /* DTProgressCancelButton.m */; };
		25878BD80D03598500255595 /* ProgressWhite-11.png in Resources */ = {isa = PBXBuildFile; fileRef = 25878BCC0D03598500255595 /* ProgressWhite-11.png */; };
		25878BD90D03598500255595 /* ProgressWhite-0.png in Resources */ = {isa = PBXBuildFile; fileRef = 25878BCD0D03598500255595 /* ProgressWhite-0.png */; };
		25878BDA0D03598500255595 /* ProgressWhite-1.png in Resources */ = {isa = PBXBuildFile; fileRef = 25878BCE0D03598500255595 /* ProgressWhite-1.png */; };
		25878BDB0D03598500255595 /* ProgressWhite-2.png in Resources */ = {isa = PBXBuildFile; fileRef = 25878BCF0D03598500255595 /* ProgressWhite-2.png */; };
		25878BDC0D03598500255595 /* ProgressWhite-3.png in Resources */ = {isa = PBXBuildFile; fileRef = 25878BD00D03598500255595 /* ProgressWhite-3.png */; };
		25878BDD0D03598500255595 /* ProgressWhite-4.png in Resources */ = {isa = PBXBuildFile; fileRef = 25878BD10D03598500255595 /* ProgressWhite-4.png */; };
		25878BDE0D03598500255595 /* ProgressWhite-5.png in Resources */ = {isa = PBXBuildFile; fileRef = 25878BD20D03598500255595 /* ProgressWhite-5.png */; };
		25878BDF0D03598500255595 /* ProgressWhite-6.png in Resources */ = {isa = PBXBuildFile; fileRef = 25878BD30D03598500255595 /* ProgressWhite-6.png */; };
		25878BE00D03598500255595 /* ProgressWhite-7.png in Resources */ = {isa = PBXBuildFile; fileRef = 25878BD40D03598500255595 /* ProgressWhite-7.png */; };
		25878BE10D03598500255595 /* ProgressWhite-8.png in Resources */ = {isa = PBXBuildFile; fileRef = 25878BD50D03598500255595 /* ProgressWhite-8.png */; };
		25878BE20D03598500255595 /* ProgressWhite-9.png in Resources */ = {isa = PBXBuildFile; fileRef = 25878BD60D03598500255595 /* ProgressWhite-9.png */; };
		25878BE30D03598500255595 /* ProgressWhite-10.png in Resources */ = {isa = PBXBuildFile; fileRef = 25878BD70D03598500255595 /* ProgressWhite-10.png */; };
		25A870C80D0B03E300D88D65 /* Updates Prefs.png in Resources */ = {isa = PBXBuildFile; fileRef = 25A870C70D0B03E300D88D65 /* Updates Prefs.png */; };
		25A871A10D0B157F00D88D65 /* DTPrefsAXController.m in Sources */ = {isa = PBXBuildFile; fileRef = 25A871A00D0B157F00D88D65 /* DTPrefsAXController.m */; };
		25AE84220CF0D208008F96FD /* TermWindow.xib in Resources */ = {isa = PBXBuildFile; fileRef = 25AE84200CF0D208008F96FD /* TermWindow.xib */; };
		25AE84330CF0D5AA008F96FD /* DTTermWindowController.m in Sources */ = {isa = PBXBuildFile; fileRef = 25AE84320CF0D5AA008F96FD /* DTTermWindowController.m */; };
		25B10DD00D29D2B40034B100 /* DSUniqueTextStorage.m in Sources */ = {isa = PBXBuildFile; fileRef = 25B10DCF0D29D2B40034B100 /* DSUniqueTextStorage.m */; };
		25BEBAFC0D171C8D00F7A797 /* DTermHelp in Resources */ = {isa = PBXBuildFile; fileRef = 25BEBAE60D171C8D00F7A797 /* DTermHelp */; };
		25E0070A0DBFCA280092F1E5 /* IOKit.framework in Frameworks */ = {isa = PBXBuildFile; fileRef = 25E007090DBFCA280092F1E5 /* IOKit.framework */; };
		25E651540CF3B0860072997F /* DTPrefsWindowController.m in Sources */ = {isa = PBXBuildFile; fileRef = 25E651530CF3B0860072997F /* DTPrefsWindowController.m */; };
		25E651570CF3B0B80072997F /* Preferences.xib in Resources */ = {isa = PBXBuildFile; fileRef = 25E651550CF3B0B80072997F /* Preferences.xib */; };
		25E6DA3E0EB2623F003C1E84 /* DSAppleScriptUtilities.m in Sources */ = {isa = PBXBuildFile; fileRef = 25E6DA3D0EB2623F003C1E84 /* DSAppleScriptUtilities.m */; };
		25E6DA3F0EB262AB003C1E84 /* DSAppleScriptUtilities.m in Sources */ = {isa = PBXBuildFile; fileRef = 25E6DA3D0EB2623F003C1E84 /* DSAppleScriptUtilities.m */; };
		25FA401212F069D300DE744A /* WebKit.framework in Frameworks */ = {isa = PBXBuildFile; fileRef = 25FA401112F069D300DE744A /* WebKit.framework */; };
		3B3E1FB2190C10C500B31D3E /* SRRemoveShortcut.tif in Resources */ = {isa = PBXBuildFile; fileRef = 3B3E1FA4190C10C500B31D3E /* SRRemoveShortcut.tif */; };
		3B3E1FB3190C10C500B31D3E /* SRRemoveShortcutPressed.tif in Resources */ = {isa = PBXBuildFile; fileRef = 3B3E1FA5190C10C500B31D3E /* SRRemoveShortcutPressed.tif */; };
		3B3E1FB4190C10C500B31D3E /* SRRemoveShortcutRollover.tif in Resources */ = {isa = PBXBuildFile; fileRef = 3B3E1FA6190C10C500B31D3E /* SRRemoveShortcutRollover.tif */; };
		3B3E1FB5190C10C500B31D3E /* SRSnapback.tiff in Resources */ = {isa = PBXBuildFile; fileRef = 3B3E1FA7190C10C500B31D3E /* SRSnapback.tiff */; };
		3B3E1FB6190C10C500B31D3E /* SRCommon.m in Sources */ = {isa = PBXBuildFile; fileRef = 3B3E1FA9190C10C500B31D3E /* SRCommon.m */; settings = {COMPILER_FLAGS = "-fobjc-arc"; }; };
		3B3E1FB7190C10C500B31D3E /* SRKeyCodeTransformer.m in Sources */ = {isa = PBXBuildFile; fileRef = 3B3E1FAB190C10C500B31D3E /* SRKeyCodeTransformer.m */; settings = {COMPILER_FLAGS = "-fobjc-arc"; }; };
		3B3E1FB8190C10C500B31D3E /* SRRecorderCell.m in Sources */ = {isa = PBXBuildFile; fileRef = 3B3E1FAD190C10C500B31D3E /* SRRecorderCell.m */; settings = {COMPILER_FLAGS = "-fobjc-arc"; }; };
		3B3E1FB9190C10C500B31D3E /* SRRecorderControl.m in Sources */ = {isa = PBXBuildFile; fileRef = 3B3E1FAF190C10C500B31D3E /* SRRecorderControl.m */; settings = {COMPILER_FLAGS = "-fobjc-arc"; }; };
		3B3E1FBA190C10C500B31D3E /* SRValidator.m in Sources */ = {isa = PBXBuildFile; fileRef = 3B3E1FB1190C10C500B31D3E /* SRValidator.m */; settings = {COMPILER_FLAGS = "-fobjc-arc"; }; };
		3B6316B4190D51B500D62E4E /* DTShellUtilities.m in Sources */ = {isa = PBXBuildFile; fileRef = 257158E80CFF9A99007181F4 /* DTShellUtilities.m */; };
		3B6316B6190D51E100D62E4E /* XCTest.framework in Frameworks */ = {isa = PBXBuildFile; fileRef = 3B6316B5190D51E100D62E4E /* XCTest.framework */; };
		8D11072B0486CEB800E47090 /* InfoPlist.strings in Resources */ = {isa = PBXBuildFile; fileRef = 089C165CFE840E0CC02AAC07 /* InfoPlist.strings */; };
		8D11072D0486CEB800E47090 /* main.m in Sources */ = {isa = PBXBuildFile; fileRef = 29B97316FDCFA39411CA2CEA /* main.m */; settings = {ATTRIBUTES = (); }; };
		8D11072F0486CEB800E47090 /* Cocoa.framework in Frameworks */ = {isa = PBXBuildFile; fileRef = 1058C7A1FEA54F0111CA2CBB /* Cocoa.framework */; };
/* End PBXBuildFile section */

/* Begin PBXContainerItemProxy section */
		257159200CFFAABF007181F4 /* PBXContainerItemProxy */ = {
			isa = PBXContainerItemProxy;
			containerPortal = 29B97313FDCFA39411CA2CEA /* Project object */;
			proxyType = 1;
			remoteGlobalIDString = 8D1107260486CEB800E47090;
			remoteInfo = DTerm;
		};
		25A0CDD30DE500950042D226 /* PBXContainerItemProxy */ = {
			isa = PBXContainerItemProxy;
			containerPortal = 29B97313FDCFA39411CA2CEA /* Project object */;
			proxyType = 1;
			remoteGlobalIDString = 25A0CDCA0DE500010042D226;
			remoteInfo = BZRRevision;
		};
/* End PBXContainerItemProxy section */

/* Begin PBXFileReference section */
		089C165DFE840E0CC02AAC07 /* English */ = {isa = PBXFileReference; fileEncoding = 10; lastKnownFileType = text.plist.strings; name = English; path = English.lproj/InfoPlist.strings; sourceTree = "<group>"; };
		1058C7A1FEA54F0111CA2CBB /* Cocoa.framework */ = {isa = PBXFileReference; lastKnownFileType = wrapper.framework; name = Cocoa.framework; path = /System/Library/Frameworks/Cocoa.framework; sourceTree = "<absolute>"; };
		250074540CF0B1C500949B95 /* Carbon.framework */ = {isa = PBXFileReference; lastKnownFileType = wrapper.framework; name = Carbon.framework; path = /System/Library/Frameworks/Carbon.framework; sourceTree = "<absolute>"; };
		2500751A0CF0B2B600949B95 /* DTAppController.h */ = {isa = PBXFileReference; fileEncoding = 4; lastKnownFileType = sourcecode.c.h; path = DTAppController.h; sourceTree = "<group>"; };
		2500751B0CF0B2B600949B95 /* DTAppController.m */ = {isa = PBXFileReference; fileEncoding = 4; lastKnownFileType = sourcecode.c.objc; path = DTAppController.m; sourceTree = "<group>"; };
		2500751F0CF0B33600949B95 /* English */ = {isa = PBXFileReference; lastKnownFileType = file.xib; name = English; path = English.lproj/MainMenu.xib; sourceTree = "<group>"; };
		2500756D0CF0C1CF00949B95 /* Finder.h */ = {isa = PBXFileReference; fileEncoding = 4; lastKnownFileType = sourcecode.c.h; path = Finder.h; sourceTree = "<group>"; };
		250075720CF0C24200949B95 /* ScriptingBridge.framework */ = {isa = PBXFileReference; lastKnownFileType = wrapper.framework; name = ScriptingBridge.framework; path = /System/Library/Frameworks/ScriptingBridge.framework; sourceTree = "<absolute>"; };
		251453C10D720F35000B6100 /* FontNameToDisplayNameTransformer.m */ = {isa = PBXFileReference; fileEncoding = 4; lastKnownFileType = sourcecode.c.objc; path = FontNameToDisplayNameTransformer.m; sourceTree = "<group>"; };
		251453C20D720F35000B6100 /* FontNameToDisplayNameTransformer.h */ = {isa = PBXFileReference; fileEncoding = 4; lastKnownFileType = sourcecode.c.h; path = FontNameToDisplayNameTransformer.h; sourceTree = "<group>"; };
		251D0E5D0D7CA32E00E9E49D /* DTAntialiasControllableTextField.h */ = {isa = PBXFileReference; fileEncoding = 4; lastKnownFileType = sourcecode.c.h; path = DTAntialiasControllableTextField.h; sourceTree = "<group>"; };
		251D0E5E0D7CA32E00E9E49D /* DTAntialiasControllableTextField.m */ = {isa = PBXFileReference; fileEncoding = 4; lastKnownFileType = sourcecode.c.objc; path = DTAntialiasControllableTextField.m; sourceTree = "<group>"; };
		25229FF30CF8BEDE00DF702E /* DTTermWindowContentView.h */ = {isa = PBXFileReference; fileEncoding = 4; lastKnownFileType = sourcecode.c.h; path = DTTermWindowContentView.h; sourceTree = "<group>"; };
		25229FF40CF8BEDE00DF702E /* DTTermWindowContentView.m */ = {isa = PBXFileReference; fileEncoding = 4; lastKnownFileType = sourcecode.c.objc; path = DTTermWindowContentView.m; sourceTree = "<group>"; };
		2522A1000CFB540500DF702E /* DTResultsTextView.h */ = {isa = PBXFileReference; fileEncoding = 4; lastKnownFileType = sourcecode.c.h; path = DTResultsTextView.h; sourceTree = "<group>"; };
		2522A1010CFB540500DF702E /* DTResultsTextView.m */ = {isa = PBXFileReference; fileEncoding = 4; lastKnownFileType = sourcecode.c.objc; path = DTResultsTextView.m; sourceTree = "<group>"; };
		2525DE5E0D234AE0009A5592 /* Growl Registration Ticket.growlRegDict */ = {isa = PBXFileReference; fileEncoding = 4; lastKnownFileType = text.xml; path = "Growl Registration Ticket.growlRegDict"; sourceTree = "<group>"; };
		2529F6BA0CF4CD0700CDF456 /* DTBlackRedStatusTransformer.h */ = {isa = PBXFileReference; fileEncoding = 4; lastKnownFileType = sourcecode.c.h; path = DTBlackRedStatusTransformer.h; sourceTree = "<group>"; };
		2529F6BB0CF4CD0700CDF456 /* DTBlackRedStatusTransformer.m */ = {isa = PBXFileReference; fileEncoding = 4; lastKnownFileType = sourcecode.c.objc; path = DTBlackRedStatusTransformer.m; sourceTree = "<group>"; };
		2529F76D0CF4D61100CDF456 /* Security.framework */ = {isa = PBXFileReference; lastKnownFileType = wrapper.framework; name = Security.framework; path = /System/Library/Frameworks/Security.framework; sourceTree = "<absolute>"; };
		2529F8500CF5F6AB00CDF456 /* DTerm.icns */ = {isa = PBXFileReference; lastKnownFileType = image.icns; path = DTerm.icns; sourceTree = "<group>"; };
		2529F8E90CF7575000CDF456 /* Terminal.h */ = {isa = PBXFileReference; fileEncoding = 4; lastKnownFileType = sourcecode.c.h; path = Terminal.h; sourceTree = "<group>"; };
		252FA10D1141A4D00043EA6C /* iTerm.h */ = {isa = PBXFileReference; fileEncoding = 4; lastKnownFileType = sourcecode.c.h; path = iTerm.h; sourceTree = "<group>"; };
		254036C510FFCDCC0076CE83 /* English */ = {isa = PBXFileReference; fileEncoding = 10; lastKnownFileType = text.plist.strings; name = English; path = English.lproj/Localizable.strings; sourceTree = "<group>"; };
		2559EB0E0D36EC58002BCF4E /* PathFinder.h */ = {isa = PBXFileReference; fileEncoding = 4; lastKnownFileType = sourcecode.c.h; path = PathFinder.h; sourceTree = "<group>"; };
		257158E70CFF9A99007181F4 /* DTShellUtilities.h */ = {isa = PBXFileReference; fileEncoding = 4; lastKnownFileType = sourcecode.c.h; path = DTShellUtilities.h; sourceTree = "<group>"; };
		257158E80CFF9A99007181F4 /* DTShellUtilities.m */ = {isa = PBXFileReference; fileEncoding = 4; lastKnownFileType = sourcecode.c.objc; path = DTShellUtilities.m; sourceTree = "<group>"; };
		257159190CFFAA2C007181F4 /* Tests.xctest */ = {isa = PBXFileReference; explicitFileType = wrapper.cfbundle; includeInIndex = 0; path = Tests.xctest; sourceTree = BUILT_PRODUCTS_DIR; };
		2571591A0CFFAA2C007181F4 /* Tests-Info.plist */ = {isa = PBXFileReference; lastKnownFileType = text.plist.xml; path = "Tests-Info.plist"; sourceTree = "<group>"; };
		257159270CFFAB52007181F4 /* ShellUtilitiesTests.h */ = {isa = PBXFileReference; fileEncoding = 4; lastKnownFileType = sourcecode.c.h; path = ShellUtilitiesTests.h; sourceTree = "<group>"; };
		257159280CFFAB52007181F4 /* ShellUtilitiesTests.m */ = {isa = PBXFileReference; fileEncoding = 4; lastKnownFileType = sourcecode.c.objc; path = ShellUtilitiesTests.m; sourceTree = "<group>"; };
		257355CD0D1085B5008E7D0F /* Acknowledgments.rtf */ = {isa = PBXFileReference; lastKnownFileType = text.rtf; path = Acknowledgments.rtf; sourceTree = "<group>"; };
		257355F20D1087D6008E7D0F /* License.rtf */ = {isa = PBXFileReference; lastKnownFileType = text.rtf; path = License.rtf; sourceTree = "<group>"; };
		257355F40D108839008E7D0F /* RTFWindowController.h */ = {isa = PBXFileReference; fileEncoding = 4; lastKnownFileType = sourcecode.c.h; path = RTFWindowController.h; sourceTree = "<group>"; };
		257355F50D108839008E7D0F /* RTFWindowController.m */ = {isa = PBXFileReference; fileEncoding = 4; lastKnownFileType = sourcecode.c.objc; path = RTFWindowController.m; sourceTree = "<group>"; };
		257355FB0D108999008E7D0F /* RTFWindow.xib */ = {isa = PBXFileReference; lastKnownFileType = file.xib; path = RTFWindow.xib; sourceTree = "<group>"; };
		257357B90D10F231008E7D0F /* DSNumberFormatterTransformer.h */ = {isa = PBXFileReference; fileEncoding = 4; lastKnownFileType = sourcecode.c.h; path = DSNumberFormatterTransformer.h; sourceTree = "<group>"; };
		257357BA0D10F231008E7D0F /* DSNumberFormatterTransformer.m */ = {isa = PBXFileReference; fileEncoding = 4; lastKnownFileType = sourcecode.c.objc; path = DSNumberFormatterTransformer.m; sourceTree = "<group>"; };
		257357E40D10F987008E7D0F /* DSDecimalToIntegerTransformer.h */ = {isa = PBXFileReference; fileEncoding = 4; lastKnownFileType = sourcecode.c.h; path = DSDecimalToIntegerTransformer.h; sourceTree = "<group>"; };
		257357E50D10F987008E7D0F /* DSDecimalToIntegerTransformer.m */ = {isa = PBXFileReference; fileEncoding = 4; lastKnownFileType = sourcecode.c.objc; path = DSDecimalToIntegerTransformer.m; sourceTree = "<group>"; };
		2583733D0CFE105F00943791 /* DTResultsView.h */ = {isa = PBXFileReference; fileEncoding = 4; lastKnownFileType = sourcecode.c.h; path = DTResultsView.h; sourceTree = "<group>"; };
		2583733E0CFE105F00943791 /* DTResultsView.m */ = {isa = PBXFileReference; fileEncoding = 4; lastKnownFileType = sourcecode.c.objc; path = DTResultsView.m; sourceTree = "<group>"; };
		258373420CFE12A000943791 /* DTRunManager.h */ = {isa = PBXFileReference; fileEncoding = 4; lastKnownFileType = sourcecode.c.h; path = DTRunManager.h; sourceTree = "<group>"; };
		258373430CFE12A000943791 /* DTRunManager.m */ = {isa = PBXFileReference; fileEncoding = 4; lastKnownFileType = sourcecode.c.objc; path = DTRunManager.m; sourceTree = "<group>"; };
		258375640CFF47E600943791 /* DTCommandFieldEditor.h */ = {isa = PBXFileReference; fileEncoding = 4; lastKnownFileType = sourcecode.c.h; path = DTCommandFieldEditor.h; sourceTree = "<group>"; };
		258375650CFF47E600943791 /* DTCommandFieldEditor.m */ = {isa = PBXFileReference; fileEncoding = 4; lastKnownFileType = sourcecode.c.objc; path = DTCommandFieldEditor.m; sourceTree = "<group>"; };
		25878A220D03399E00255595 /* DTProgressCancelButton.h */ = {isa = PBXFileReference; fileEncoding = 4; lastKnownFileType = sourcecode.c.h; path = DTProgressCancelButton.h; sourceTree = "<group>"; };
		25878A230D03399E00255595 /* DTProgressCancelButton.m */ = {isa = PBXFileReference; fileEncoding = 4; lastKnownFileType = sourcecode.c.objc; path = DTProgressCancelButton.m; sourceTree = "<group>"; };
		25878BCC0D03598500255595 /* ProgressWhite-11.png */ = {isa = PBXFileReference; lastKnownFileType = image.png; path = "ProgressWhite-11.png"; sourceTree = "<group>"; };
		25878BCD0D03598500255595 /* ProgressWhite-0.png */ = {isa = PBXFileReference; lastKnownFileType = image.png; path = "ProgressWhite-0.png"; sourceTree = "<group>"; };
		25878BCE0D03598500255595 /* ProgressWhite-1.png */ = {isa = PBXFileReference; lastKnownFileType = image.png; path = "ProgressWhite-1.png"; sourceTree = "<group>"; };
		25878BCF0D03598500255595 /* ProgressWhite-2.png */ = {isa = PBXFileReference; lastKnownFileType = image.png; path = "ProgressWhite-2.png"; sourceTree = "<group>"; };
		25878BD00D03598500255595 /* ProgressWhite-3.png */ = {isa = PBXFileReference; lastKnownFileType = image.png; path = "ProgressWhite-3.png"; sourceTree = "<group>"; };
		25878BD10D03598500255595 /* ProgressWhite-4.png */ = {isa = PBXFileReference; lastKnownFileType = image.png; path = "ProgressWhite-4.png"; sourceTree = "<group>"; };
		25878BD20D03598500255595 /* ProgressWhite-5.png */ = {isa = PBXFileReference; lastKnownFileType = image.png; path = "ProgressWhite-5.png"; sourceTree = "<group>"; };
		25878BD30D03598500255595 /* ProgressWhite-6.png */ = {isa = PBXFileReference; lastKnownFileType = image.png; path = "ProgressWhite-6.png"; sourceTree = "<group>"; };
		25878BD40D03598500255595 /* ProgressWhite-7.png */ = {isa = PBXFileReference; lastKnownFileType = image.png; path = "ProgressWhite-7.png"; sourceTree = "<group>"; };
		25878BD50D03598500255595 /* ProgressWhite-8.png */ = {isa = PBXFileReference; lastKnownFileType = image.png; path = "ProgressWhite-8.png"; sourceTree = "<group>"; };
		25878BD60D03598500255595 /* ProgressWhite-9.png */ = {isa = PBXFileReference; lastKnownFileType = image.png; path = "ProgressWhite-9.png"; sourceTree = "<group>"; };
		25878BD70D03598500255595 /* ProgressWhite-10.png */ = {isa = PBXFileReference; lastKnownFileType = image.png; path = "ProgressWhite-10.png"; sourceTree = "<group>"; };
		25A870C70D0B03E300D88D65 /* Updates Prefs.png */ = {isa = PBXFileReference; lastKnownFileType = image.png; name = "Updates Prefs.png"; path = "Images/Updates Prefs.png"; sourceTree = SOURCE_ROOT; };
		25A8719F0D0B157F00D88D65 /* DTPrefsAXController.h */ = {isa = PBXFileReference; fileEncoding = 4; lastKnownFileType = sourcecode.c.h; path = DTPrefsAXController.h; sourceTree = SOURCE_ROOT; };
		25A871A00D0B157F00D88D65 /* DTPrefsAXController.m */ = {isa = PBXFileReference; fileEncoding = 4; lastKnownFileType = sourcecode.c.objc; path = DTPrefsAXController.m; sourceTree = SOURCE_ROOT; };
		25AE84210CF0D208008F96FD /* English */ = {isa = PBXFileReference; lastKnownFileType = file.xib; name = English; path = English.lproj/TermWindow.xib; sourceTree = "<group>"; };
		25AE84310CF0D5AA008F96FD /* DTTermWindowController.h */ = {isa = PBXFileReference; fileEncoding = 4; lastKnownFileType = sourcecode.c.h; path = DTTermWindowController.h; sourceTree = "<group>"; };
		25AE84320CF0D5AA008F96FD /* DTTermWindowController.m */ = {isa = PBXFileReference; fileEncoding = 4; lastKnownFileType = sourcecode.c.objc; path = DTTermWindowController.m; sourceTree = "<group>"; };
		25B10DCE0D29D2B40034B100 /* DSUniqueTextStorage.h */ = {isa = PBXFileReference; fileEncoding = 4; lastKnownFileType = sourcecode.c.h; path = DSUniqueTextStorage.h; sourceTree = "<group>"; };
		25B10DCF0D29D2B40034B100 /* DSUniqueTextStorage.m */ = {isa = PBXFileReference; fileEncoding = 4; lastKnownFileType = sourcecode.c.objc; path = DSUniqueTextStorage.m; sourceTree = "<group>"; };
		25BEBAE70D171C8D00F7A797 /* English */ = {isa = PBXFileReference; lastKnownFileType = folder; name = English; path = English.lproj/DTermHelp; sourceTree = "<group>"; };
		25E007090DBFCA280092F1E5 /* IOKit.framework */ = {isa = PBXFileReference; lastKnownFileType = wrapper.framework; name = IOKit.framework; path = /System/Library/Frameworks/IOKit.framework; sourceTree = "<absolute>"; };
		25E651520CF3B0860072997F /* DTPrefsWindowController.h */ = {isa = PBXFileReference; fileEncoding = 4; lastKnownFileType = sourcecode.c.h; path = DTPrefsWindowController.h; sourceTree = "<group>"; };
		25E651530CF3B0860072997F /* DTPrefsWindowController.m */ = {isa = PBXFileReference; fileEncoding = 4; lastKnownFileType = sourcecode.c.objc; path = DTPrefsWindowController.m; sourceTree = "<group>"; };
		25E651560CF3B0B80072997F /* English */ = {isa = PBXFileReference; lastKnownFileType = file.xib; name = English; path = English.lproj/Preferences.xib; sourceTree = "<group>"; };
		25E6DA3C0EB2623F003C1E84 /* DSAppleScriptUtilities.h */ = {isa = PBXFileReference; fileEncoding = 4; lastKnownFileType = sourcecode.c.h; path = DSAppleScriptUtilities.h; sourceTree = "<group>"; };
		25E6DA3D0EB2623F003C1E84 /* DSAppleScriptUtilities.m */ = {isa = PBXFileReference; fileEncoding = 4; lastKnownFileType = sourcecode.c.objc; path = DSAppleScriptUtilities.m; sourceTree = "<group>"; };
		25FA394212E5E47100DE744A /* iTerm2.h */ = {isa = PBXFileReference; fileEncoding = 4; lastKnownFileType = sourcecode.c.h; path = iTerm2.h; sourceTree = "<group>"; };
		25FA401112F069D300DE744A /* WebKit.framework */ = {isa = PBXFileReference; lastKnownFileType = wrapper.framework; name = WebKit.framework; path = System/Library/Frameworks/WebKit.framework; sourceTree = SDKROOT; };
		29B97316FDCFA39411CA2CEA /* main.m */ = {isa = PBXFileReference; fileEncoding = 4; lastKnownFileType = sourcecode.c.objc; path = main.m; sourceTree = "<group>"; };
		29B97324FDCFA39411CA2CEA /* AppKit.framework */ = {isa = PBXFileReference; lastKnownFileType = wrapper.framework; name = AppKit.framework; path = /System/Library/Frameworks/AppKit.framework; sourceTree = "<absolute>"; };
		29B97325FDCFA39411CA2CEA /* Foundation.framework */ = {isa = PBXFileReference; lastKnownFileType = wrapper.framework; name = Foundation.framework; path = /System/Library/Frameworks/Foundation.framework; sourceTree = "<absolute>"; };
		32CA4F630368D1EE00C91783 /* DTerm_Prefix.pch */ = {isa = PBXFileReference; fileEncoding = 4; lastKnownFileType = sourcecode.c.h; path = DTerm_Prefix.pch; sourceTree = "<group>"; };
		3B3E1FA4190C10C500B31D3E /* SRRemoveShortcut.tif */ = {isa = PBXFileReference; lastKnownFileType = image.tiff; path = SRRemoveShortcut.tif; sourceTree = "<group>"; };
		3B3E1FA5190C10C500B31D3E /* SRRemoveShortcutPressed.tif */ = {isa = PBXFileReference; lastKnownFileType = image.tiff; path = SRRemoveShortcutPressed.tif; sourceTree = "<group>"; };
		3B3E1FA6190C10C500B31D3E /* SRRemoveShortcutRollover.tif */ = {isa = PBXFileReference; lastKnownFileType = image.tiff; path = SRRemoveShortcutRollover.tif; sourceTree = "<group>"; };
		3B3E1FA7190C10C500B31D3E /* SRSnapback.tiff */ = {isa = PBXFileReference; lastKnownFileType = image.tiff; path = SRSnapback.tiff; sourceTree = "<group>"; };
		3B3E1FA8190C10C500B31D3E /* SRCommon.h */ = {isa = PBXFileReference; fileEncoding = 4; lastKnownFileType = sourcecode.c.h; path = SRCommon.h; sourceTree = "<group>"; };
		3B3E1FA9190C10C500B31D3E /* SRCommon.m */ = {isa = PBXFileReference; fileEncoding = 4; lastKnownFileType = sourcecode.c.objc; path = SRCommon.m; sourceTree = "<group>"; };
		3B3E1FAA190C10C500B31D3E /* SRKeyCodeTransformer.h */ = {isa = PBXFileReference; fileEncoding = 4; lastKnownFileType = sourcecode.c.h; path = SRKeyCodeTransformer.h; sourceTree = "<group>"; };
		3B3E1FAB190C10C500B31D3E /* SRKeyCodeTransformer.m */ = {isa = PBXFileReference; fileEncoding = 4; lastKnownFileType = sourcecode.c.objc; path = SRKeyCodeTransformer.m; sourceTree = "<group>"; };
		3B3E1FAC190C10C500B31D3E /* SRRecorderCell.h */ = {isa = PBXFileReference; fileEncoding = 4; lastKnownFileType = sourcecode.c.h; path = SRRecorderCell.h; sourceTree = "<group>"; };
		3B3E1FAD190C10C500B31D3E /* SRRecorderCell.m */ = {isa = PBXFileReference; fileEncoding = 4; lastKnownFileType = sourcecode.c.objc; path = SRRecorderCell.m; sourceTree = "<group>"; };
		3B3E1FAE190C10C500B31D3E /* SRRecorderControl.h */ = {isa = PBXFileReference; fileEncoding = 4; lastKnownFileType = sourcecode.c.h; path = SRRecorderControl.h; sourceTree = "<group>"; };
		3B3E1FAF190C10C500B31D3E /* SRRecorderControl.m */ = {isa = PBXFileReference; fileEncoding = 4; lastKnownFileType = sourcecode.c.objc; path = SRRecorderControl.m; sourceTree = "<group>"; };
		3B3E1FB0190C10C500B31D3E /* SRValidator.h */ = {isa = PBXFileReference; fileEncoding = 4; lastKnownFileType = sourcecode.c.h; path = SRValidator.h; sourceTree = "<group>"; };
		3B3E1FB1190C10C500B31D3E /* SRValidator.m */ = {isa = PBXFileReference; fileEncoding = 4; lastKnownFileType = sourcecode.c.objc; path = SRValidator.m; sourceTree = "<group>"; };
		3B6316B5190D51E100D62E4E /* XCTest.framework */ = {isa = PBXFileReference; lastKnownFileType = wrapper.framework; name = XCTest.framework; path = Library/Frameworks/XCTest.framework; sourceTree = DEVELOPER_DIR; };
		75B0EC781A022E5900C023D1 /* iTerm2Nightly.h */ = {isa = PBXFileReference; lastKnownFileType = sourcecode.c.h; path = iTerm2Nightly.h; sourceTree = "<group>"; };
		8D1107310486CEB800E47090 /* Info.plist */ = {isa = PBXFileReference; fileEncoding = 4; lastKnownFileType = text.plist.xml; path = Info.plist; sourceTree = "<group>"; };
		8D1107320486CEB800E47090 /* DTerm.app */ = {isa = PBXFileReference; explicitFileType = wrapper.application; includeInIndex = 0; path = DTerm.app; sourceTree = BUILT_PRODUCTS_DIR; };
/* End PBXFileReference section */

/* Begin PBXFrameworksBuildPhase section */
		257159160CFFAA2C007181F4 /* Frameworks */ = {
			isa = PBXFrameworksBuildPhase;
			buildActionMask = 2147483647;
			files = (
				3B6316B6190D51E100D62E4E /* XCTest.framework in Frameworks */,
			);
			runOnlyForDeploymentPostprocessing = 0;
		};
		8D11072E0486CEB800E47090 /* Frameworks */ = {
			isa = PBXFrameworksBuildPhase;
			buildActionMask = 2147483647;
			files = (
				8D11072F0486CEB800E47090 /* Cocoa.framework in Frameworks */,
				250074550CF0B1C500949B95 /* Carbon.framework in Frameworks */,
				250075730CF0C24200949B95 /* ScriptingBridge.framework in Frameworks */,
				2529F76E0CF4D61100CDF456 /* Security.framework in Frameworks */,
				25E0070A0DBFCA280092F1E5 /* IOKit.framework in Frameworks */,
				25FA401212F069D300DE744A /* WebKit.framework in Frameworks */,
			);
			runOnlyForDeploymentPostprocessing = 0;
		};
/* End PBXFrameworksBuildPhase section */

/* Begin PBXGroup section */
		080E96DDFE201D6D7F000001 /* Classes */ = {
			isa = PBXGroup;
			children = (
				2500751A0CF0B2B600949B95 /* DTAppController.h */,
				2500751B0CF0B2B600949B95 /* DTAppController.m */,
				25A8719F0D0B157F00D88D65 /* DTPrefsAXController.h */,
				25A871A00D0B157F00D88D65 /* DTPrefsAXController.m */,
				25E651520CF3B0860072997F /* DTPrefsWindowController.h */,
				25E651530CF3B0860072997F /* DTPrefsWindowController.m */,
				258373420CFE12A000943791 /* DTRunManager.h */,
				258373430CFE12A000943791 /* DTRunManager.m */,
			);
			name = Classes;
			sourceTree = "<group>";
		};
		1058C7A0FEA54F0111CA2CBB /* Linked Frameworks */ = {
			isa = PBXGroup;
			children = (
				2529F76D0CF4D61100CDF456 /* Security.framework */,
				250075720CF0C24200949B95 /* ScriptingBridge.framework */,
				250074540CF0B1C500949B95 /* Carbon.framework */,
				1058C7A1FEA54F0111CA2CBB /* Cocoa.framework */,
				25E007090DBFCA280092F1E5 /* IOKit.framework */,
				25FA401112F069D300DE744A /* WebKit.framework */,
			);
			name = "Linked Frameworks";
			sourceTree = "<group>";
		};
		1058C7A2FEA54F0111CA2CBB /* Other Frameworks */ = {
			isa = PBXGroup;
			children = (
				29B97324FDCFA39411CA2CEA /* AppKit.framework */,
				29B97325FDCFA39411CA2CEA /* Foundation.framework */,
			);
			name = "Other Frameworks";
			sourceTree = "<group>";
		};
		19C28FACFE9D520D11CA2CBB /* Products */ = {
			isa = PBXGroup;
			children = (
				8D1107320486CEB800E47090 /* DTerm.app */,
				257159190CFFAA2C007181F4 /* Tests.xctest */,
			);
			name = Products;
			sourceTree = "<group>";
		};
		2500756C0CF0C1B700949B95 /* ScriptingBridge */ = {
			isa = PBXGroup;
			children = (
				2500756D0CF0C1CF00949B95 /* Finder.h */,
				2559EB0E0D36EC58002BCF4E /* PathFinder.h */,
				2529F8E90CF7575000CDF456 /* Terminal.h */,
				252FA10D1141A4D00043EA6C /* iTerm.h */,
				25FA394212E5E47100DE744A /* iTerm2.h */,
				75B0EC781A022E5900C023D1 /* iTerm2Nightly.h */,
			);
			path = ScriptingBridge;
			sourceTree = SOURCE_ROOT;
		};
		25229E1A0CF8981700DF702E /* Term Window */ = {
			isa = PBXGroup;
			children = (
				25AE84310CF0D5AA008F96FD /* DTTermWindowController.h */,
				25AE84320CF0D5AA008F96FD /* DTTermWindowController.m */,
				25229FF30CF8BEDE00DF702E /* DTTermWindowContentView.h */,
				25229FF40CF8BEDE00DF702E /* DTTermWindowContentView.m */,
				258375640CFF47E600943791 /* DTCommandFieldEditor.h */,
				258375650CFF47E600943791 /* DTCommandFieldEditor.m */,
				2522A1000CFB540500DF702E /* DTResultsTextView.h */,
				2522A1010CFB540500DF702E /* DTResultsTextView.m */,
				2583733D0CFE105F00943791 /* DTResultsView.h */,
				2583733E0CFE105F00943791 /* DTResultsView.m */,
				25878A220D03399E00255595 /* DTProgressCancelButton.h */,
				25878A230D03399E00255595 /* DTProgressCancelButton.m */,
				251D0E5D0D7CA32E00E9E49D /* DTAntialiasControllableTextField.h */,
				251D0E5E0D7CA32E00E9E49D /* DTAntialiasControllableTextField.m */,
			);
			path = "Term Window";
			sourceTree = "<group>";
		};
		2529F6B90CF4CCCE00CDF456 /* Utilities */ = {
			isa = PBXGroup;
			children = (
				2529F6BA0CF4CD0700CDF456 /* DTBlackRedStatusTransformer.h */,
				2529F6BB0CF4CD0700CDF456 /* DTBlackRedStatusTransformer.m */,
				257158E70CFF9A99007181F4 /* DTShellUtilities.h */,
				257158E80CFF9A99007181F4 /* DTShellUtilities.m */,
				257355F40D108839008E7D0F /* RTFWindowController.h */,
				257355F50D108839008E7D0F /* RTFWindowController.m */,
				257357B90D10F231008E7D0F /* DSNumberFormatterTransformer.h */,
				257357BA0D10F231008E7D0F /* DSNumberFormatterTransformer.m */,
				257357E40D10F987008E7D0F /* DSDecimalToIntegerTransformer.h */,
				257357E50D10F987008E7D0F /* DSDecimalToIntegerTransformer.m */,
				25B10DCE0D29D2B40034B100 /* DSUniqueTextStorage.h */,
				25B10DCF0D29D2B40034B100 /* DSUniqueTextStorage.m */,
				251453C10D720F35000B6100 /* FontNameToDisplayNameTransformer.m */,
				251453C20D720F35000B6100 /* FontNameToDisplayNameTransformer.h */,
				25E6DA3C0EB2623F003C1E84 /* DSAppleScriptUtilities.h */,
				25E6DA3D0EB2623F003C1E84 /* DSAppleScriptUtilities.m */,
			);
			path = Utilities;
			sourceTree = SOURCE_ROOT;
		};
		2529F84B0CF5F67200CDF456 /* Images */ = {
			isa = PBXGroup;
			children = (
				2529F8500CF5F6AB00CDF456 /* DTerm.icns */,
				25878BCC0D03598500255595 /* ProgressWhite-11.png */,
				25878BCD0D03598500255595 /* ProgressWhite-0.png */,
				25878BCE0D03598500255595 /* ProgressWhite-1.png */,
				25878BCF0D03598500255595 /* ProgressWhite-2.png */,
				25878BD00D03598500255595 /* ProgressWhite-3.png */,
				25878BD10D03598500255595 /* ProgressWhite-4.png */,
				25878BD20D03598500255595 /* ProgressWhite-5.png */,
				25878BD30D03598500255595 /* ProgressWhite-6.png */,
				25878BD40D03598500255595 /* ProgressWhite-7.png */,
				25878BD50D03598500255595 /* ProgressWhite-8.png */,
				25878BD60D03598500255595 /* ProgressWhite-9.png */,
				25878BD70D03598500255595 /* ProgressWhite-10.png */,
				25A870C70D0B03E300D88D65 /* Updates Prefs.png */,
			);
			path = Images;
			sourceTree = SOURCE_ROOT;
		};
		257159260CFFAB1E007181F4 /* Tests */ = {
			isa = PBXGroup;
			children = (
				2571591A0CFFAA2C007181F4 /* Tests-Info.plist */,
				257159270CFFAB52007181F4 /* ShellUtilitiesTests.h */,
				257159280CFFAB52007181F4 /* ShellUtilitiesTests.m */,
			);
			path = Tests;
			sourceTree = SOURCE_ROOT;
		};
		29B97314FDCFA39411CA2CEA /* DTerm */ = {
			isa = PBXGroup;
			children = (
				080E96DDFE201D6D7F000001 /* Classes */,
				25229E1A0CF8981700DF702E /* Term Window */,
				2529F6B90CF4CCCE00CDF456 /* Utilities */,
				2500756C0CF0C1B700949B95 /* ScriptingBridge */,
				257159260CFFAB1E007181F4 /* Tests */,
				29B97315FDCFA39411CA2CEA /* Other Sources */,
				29B97317FDCFA39411CA2CEA /* Resources */,
				29B97323FDCFA39411CA2CEA /* Frameworks */,
				19C28FACFE9D520D11CA2CBB /* Products */,
			);
			name = DTerm;
			sourceTree = "<group>";
		};
		29B97315FDCFA39411CA2CEA /* Other Sources */ = {
			isa = PBXGroup;
			children = (
				3B3E1FA2190C10C500B31D3E /* ShortcutRecorder */,
				32CA4F630368D1EE00C91783 /* DTerm_Prefix.pch */,
				29B97316FDCFA39411CA2CEA /* main.m */,
			);
			name = "Other Sources";
			sourceTree = "<group>";
		};
		29B97317FDCFA39411CA2CEA /* Resources */ = {
			isa = PBXGroup;
			children = (
				2525DE5E0D234AE0009A5592 /* Growl Registration Ticket.growlRegDict */,
				25BEBAE60D171C8D00F7A797 /* DTermHelp */,
				257355F20D1087D6008E7D0F /* License.rtf */,
				257355CD0D1085B5008E7D0F /* Acknowledgments.rtf */,
				2529F84B0CF5F67200CDF456 /* Images */,
				8D1107310486CEB800E47090 /* Info.plist */,
				089C165CFE840E0CC02AAC07 /* InfoPlist.strings */,
				254036C410FFCDCC0076CE83 /* Localizable.strings */,
				2500751E0CF0B33600949B95 /* MainMenu.xib */,
				25AE84200CF0D208008F96FD /* TermWindow.xib */,
				25E651550CF3B0B80072997F /* Preferences.xib */,
				257355FB0D108999008E7D0F /* RTFWindow.xib */,
			);
			name = Resources;
			sourceTree = "<group>";
		};
		29B97323FDCFA39411CA2CEA /* Frameworks */ = {
			isa = PBXGroup;
			children = (
				3B6316B5190D51E100D62E4E /* XCTest.framework */,
				1058C7A0FEA54F0111CA2CBB /* Linked Frameworks */,
				1058C7A2FEA54F0111CA2CBB /* Other Frameworks */,
			);
			name = Frameworks;
			sourceTree = "<group>";
		};
		3B3E1FA2190C10C500B31D3E /* ShortcutRecorder */ = {
			isa = PBXGroup;
			children = (
				3B3E1FA3190C10C500B31D3E /* Images */,
				3B3E1FA8190C10C500B31D3E /* SRCommon.h */,
				3B3E1FA9190C10C500B31D3E /* SRCommon.m */,
				3B3E1FAA190C10C500B31D3E /* SRKeyCodeTransformer.h */,
				3B3E1FAB190C10C500B31D3E /* SRKeyCodeTransformer.m */,
				3B3E1FAC190C10C500B31D3E /* SRRecorderCell.h */,
				3B3E1FAD190C10C500B31D3E /* SRRecorderCell.m */,
				3B3E1FAE190C10C500B31D3E /* SRRecorderControl.h */,
				3B3E1FAF190C10C500B31D3E /* SRRecorderControl.m */,
				3B3E1FB0190C10C500B31D3E /* SRValidator.h */,
				3B3E1FB1190C10C500B31D3E /* SRValidator.m */,
			);
			name = ShortcutRecorder;
			path = "3rd party source/ShortcutRecorder";
			sourceTree = "<group>";
		};
		3B3E1FA3190C10C500B31D3E /* Images */ = {
			isa = PBXGroup;
			children = (
				3B3E1FA4190C10C500B31D3E /* SRRemoveShortcut.tif */,
				3B3E1FA5190C10C500B31D3E /* SRRemoveShortcutPressed.tif */,
				3B3E1FA6190C10C500B31D3E /* SRRemoveShortcutRollover.tif */,
				3B3E1FA7190C10C500B31D3E /* SRSnapback.tiff */,
			);
			path = Images;
			sourceTree = "<group>";
		};
/* End PBXGroup section */

/* Begin PBXNativeTarget section */
		257159180CFFAA2C007181F4 /* Tests */ = {
			isa = PBXNativeTarget;
			buildConfigurationList = 2571591D0CFFAA2C007181F4 /* Build configuration list for PBXNativeTarget "Tests" */;
			buildPhases = (
				257159140CFFAA2C007181F4 /* Resources */,
				257159150CFFAA2C007181F4 /* Sources */,
				257159160CFFAA2C007181F4 /* Frameworks */,
				257159170CFFAA2C007181F4 /* ShellScript */,
			);
			buildRules = (
			);
			dependencies = (
				257159210CFFAABF007181F4 /* PBXTargetDependency */,
			);
			name = Tests;
			productName = Tests;
			productReference = 257159190CFFAA2C007181F4 /* Tests.xctest */;
			productType = "com.apple.product-type.bundle.unit-test";
		};
		8D1107260486CEB800E47090 /* DTerm */ = {
			isa = PBXNativeTarget;
			buildConfigurationList = C01FCF4A08A954540054247B /* Build configuration list for PBXNativeTarget "DTerm" */;
			buildPhases = (
				8D1107290486CEB800E47090 /* Resources */,
				8D11072C0486CEB800E47090 /* Sources */,
				8D11072E0486CEB800E47090 /* Frameworks */,
			);
			buildRules = (
			);
			dependencies = (
				25A0CDD40DE500950042D226 /* PBXTargetDependency */,
			);
			name = DTerm;
			productInstallPath = "$(HOME)/Applications";
			productName = DTerm;
			productReference = 8D1107320486CEB800E47090 /* DTerm.app */;
			productType = "com.apple.product-type.application";
		};
/* End PBXNativeTarget section */

/* Begin PBXProject section */
		29B97313FDCFA39411CA2CEA /* Project object */ = {
			isa = PBXProject;
			attributes = {
				LastUpgradeCheck = 0610;
			};
			buildConfigurationList = C01FCF4E08A954540054247B /* Build configuration list for PBXProject "DTerm" */;
			compatibilityVersion = "Xcode 3.2";
			developmentRegion = English;
			hasScannedForEncodings = 1;
			knownRegions = (
				English,
				Japanese,
				French,
				German,
				Dutch,
				sv,
				cs,
				pl,
				pt_BR,
				Russian,
				Swedish,
				zh_CN,
				zh_TW,
				en,
			);
			mainGroup = 29B97314FDCFA39411CA2CEA /* DTerm */;
			projectDirPath = "";
			projectRoot = "";
			targets = (
				8D1107260486CEB800E47090 /* DTerm */,
				257159180CFFAA2C007181F4 /* Tests */,
				25A0CDCA0DE500010042D226 /* Revision */,
			);
		};
/* End PBXProject section */

/* Begin PBXResourcesBuildPhase section */
		257159140CFFAA2C007181F4 /* Resources */ = {
			isa = PBXResourcesBuildPhase;
			buildActionMask = 2147483647;
			files = (
			);
			runOnlyForDeploymentPostprocessing = 0;
		};
		8D1107290486CEB800E47090 /* Resources */ = {
			isa = PBXResourcesBuildPhase;
			buildActionMask = 2147483647;
			files = (
				8D11072B0486CEB800E47090 /* InfoPlist.strings in Resources */,
				250075200CF0B33600949B95 /* MainMenu.xib in Resources */,
				25AE84220CF0D208008F96FD /* TermWindow.xib in Resources */,
				25E651570CF3B0B80072997F /* Preferences.xib in Resources */,
				2529F8510CF5F6AB00CDF456 /* DTerm.icns in Resources */,
				3B3E1FB4190C10C500B31D3E /* SRRemoveShortcutRollover.tif in Resources */,
				3B3E1FB3190C10C500B31D3E /* SRRemoveShortcutPressed.tif in Resources */,
				25878BD80D03598500255595 /* ProgressWhite-11.png in Resources */,
				25878BD90D03598500255595 /* ProgressWhite-0.png in Resources */,
				25878BDA0D03598500255595 /* ProgressWhite-1.png in Resources */,
				25878BDB0D03598500255595 /* ProgressWhite-2.png in Resources */,
				25878BDC0D03598500255595 /* ProgressWhite-3.png in Resources */,
				25878BDD0D03598500255595 /* ProgressWhite-4.png in Resources */,
				25878BDE0D03598500255595 /* ProgressWhite-5.png in Resources */,
				25878BDF0D03598500255595 /* ProgressWhite-6.png in Resources */,
				25878BE00D03598500255595 /* ProgressWhite-7.png in Resources */,
				25878BE10D03598500255595 /* ProgressWhite-8.png in Resources */,
				25878BE20D03598500255595 /* ProgressWhite-9.png in Resources */,
				3B3E1FB2190C10C500B31D3E /* SRRemoveShortcut.tif in Resources */,
				25878BE30D03598500255595 /* ProgressWhite-10.png in Resources */,
				25A870C80D0B03E300D88D65 /* Updates Prefs.png in Resources */,
				257355CE0D1085B5008E7D0F /* Acknowledgments.rtf in Resources */,
				257355F30D1087D6008E7D0F /* License.rtf in Resources */,
				257355FC0D108999008E7D0F /* RTFWindow.xib in Resources */,
				25BEBAFC0D171C8D00F7A797 /* DTermHelp in Resources */,
				2525DE5F0D234AE0009A5592 /* Growl Registration Ticket.growlRegDict in Resources */,
				3B3E1FB5190C10C500B31D3E /* SRSnapback.tiff in Resources */,
				254036C610FFCDCC0076CE83 /* Localizable.strings in Resources */,
			);
			runOnlyForDeploymentPostprocessing = 0;
		};
/* End PBXResourcesBuildPhase section */

/* Begin PBXShellScriptBuildPhase section */
		257159170CFFAA2C007181F4 /* ShellScript */ = {
			isa = PBXShellScriptBuildPhase;
			buildActionMask = 2147483647;
			files = (
			);
			inputPaths = (
			);
			outputPaths = (
			);
			runOnlyForDeploymentPostprocessing = 0;
			shellPath = /bin/sh;
			shellScript = "# Run the unit tests in this test bundle.\n\"${SYSTEM_DEVELOPER_DIR}/Tools/RunUnitTests\"\n";
		};
		25A0CDC90DE500010042D226 /* ShellScript */ = {
			isa = PBXShellScriptBuildPhase;
			buildActionMask = 2147483647;
			files = (
			);
			inputPaths = (
			);
			outputPaths = (
			);
			runOnlyForDeploymentPostprocessing = 0;
			shellPath = /bin/sh;
			shellScript = "PATH=\"$HOME/bin:/usr/local/bin:$PATH\"\ncd \"$PROJECT_DIR\"\nSHA=$(git rev-parse --short HEAD)\nCOUNT=$(git rev-list --count HEAD)\necho \"*** Building Git Revision: $COUNT @ $SHA\"\nmkdir -p \"$TARGET_BUILD_DIR/include\"\necho \"#define REVISION 1.7.$COUNT\" >  $TARGET_BUILD_DIR/include/Revision.h\n\ngit diff --quiet\nif [[ $? -eq 0 ]]; then\n  echo \"#define REVISION_PUBLIC 1.7.$COUNT-$SHA\" >> $TARGET_BUILD_DIR/include/Revision.h\nelse\n  echo \"#define REVISION_PUBLIC 1.7.$COUNT-$SHA+\" >> $TARGET_BUILD_DIR/include/Revision.h\nfi\n";
		};
/* End PBXShellScriptBuildPhase section */

/* Begin PBXSourcesBuildPhase section */
		257159150CFFAA2C007181F4 /* Sources */ = {
			isa = PBXSourcesBuildPhase;
			buildActionMask = 2147483647;
			files = (
				257159290CFFAB52007181F4 /* ShellUtilitiesTests.m in Sources */,
				25E6DA3F0EB262AB003C1E84 /* DSAppleScriptUtilities.m in Sources */,
				3B6316B4190D51B500D62E4E /* DTShellUtilities.m in Sources */,
			);
			runOnlyForDeploymentPostprocessing = 0;
		};
		8D11072C0486CEB800E47090 /* Sources */ = {
			isa = PBXSourcesBuildPhase;
			buildActionMask = 2147483647;
			files = (
				8D11072D0486CEB800E47090 /* main.m in Sources */,
				2500751C0CF0B2B600949B95 /* DTAppController.m in Sources */,
				25AE84330CF0D5AA008F96FD /* DTTermWindowController.m in Sources */,
				25E651540CF3B0860072997F /* DTPrefsWindowController.m in Sources */,
				2529F6BC0CF4CD0700CDF456 /* DTBlackRedStatusTransformer.m in Sources */,
				25229FF50CF8BEDE00DF702E /* DTTermWindowContentView.m in Sources */,
				3B3E1FB8190C10C500B31D3E /* SRRecorderCell.m in Sources */,
				2522A1020CFB540500DF702E /* DTResultsTextView.m in Sources */,
				2583733F0CFE105F00943791 /* DTResultsView.m in Sources */,
				258373440CFE12A000943791 /* DTRunManager.m in Sources */,
				3B3E1FB7190C10C500B31D3E /* SRKeyCodeTransformer.m in Sources */,
				3B3E1FB6190C10C500B31D3E /* SRCommon.m in Sources */,
				258375660CFF47E600943791 /* DTCommandFieldEditor.m in Sources */,
				3B3E1FBA190C10C500B31D3E /* SRValidator.m in Sources */,
				257158E90CFF9A99007181F4 /* DTShellUtilities.m in Sources */,
				25878A240D03399E00255595 /* DTProgressCancelButton.m in Sources */,
				25A871A10D0B157F00D88D65 /* DTPrefsAXController.m in Sources */,
				3B3E1FB9190C10C500B31D3E /* SRRecorderControl.m in Sources */,
				257355F60D108839008E7D0F /* RTFWindowController.m in Sources */,
				257357BB0D10F231008E7D0F /* DSNumberFormatterTransformer.m in Sources */,
				257357E60D10F987008E7D0F /* DSDecimalToIntegerTransformer.m in Sources */,
				25B10DD00D29D2B40034B100 /* DSUniqueTextStorage.m in Sources */,
				251453C30D720F35000B6100 /* FontNameToDisplayNameTransformer.m in Sources */,
				251D0E5F0D7CA32E00E9E49D /* DTAntialiasControllableTextField.m in Sources */,
				25E6DA3E0EB2623F003C1E84 /* DSAppleScriptUtilities.m in Sources */,
			);
			runOnlyForDeploymentPostprocessing = 0;
		};
/* End PBXSourcesBuildPhase section */

/* Begin PBXTargetDependency section */
		257159210CFFAABF007181F4 /* PBXTargetDependency */ = {
			isa = PBXTargetDependency;
			target = 8D1107260486CEB800E47090 /* DTerm */;
			targetProxy = 257159200CFFAABF007181F4 /* PBXContainerItemProxy */;
		};
		25A0CDD40DE500950042D226 /* PBXTargetDependency */ = {
			isa = PBXTargetDependency;
			target = 25A0CDCA0DE500010042D226 /* Revision */;
			targetProxy = 25A0CDD30DE500950042D226 /* PBXContainerItemProxy */;
		};
/* End PBXTargetDependency section */

/* Begin PBXVariantGroup section */
		089C165CFE840E0CC02AAC07 /* InfoPlist.strings */ = {
			isa = PBXVariantGroup;
			children = (
				089C165DFE840E0CC02AAC07 /* English */,
			);
			name = InfoPlist.strings;
			sourceTree = "<group>";
		};
		2500751E0CF0B33600949B95 /* MainMenu.xib */ = {
			isa = PBXVariantGroup;
			children = (
				2500751F0CF0B33600949B95 /* English */,
			);
			name = MainMenu.xib;
			sourceTree = "<group>";
		};
		254036C410FFCDCC0076CE83 /* Localizable.strings */ = {
			isa = PBXVariantGroup;
			children = (
				254036C510FFCDCC0076CE83 /* English */,
			);
			name = Localizable.strings;
			sourceTree = "<group>";
		};
		25AE84200CF0D208008F96FD /* TermWindow.xib */ = {
			isa = PBXVariantGroup;
			children = (
				25AE84210CF0D208008F96FD /* English */,
			);
			name = TermWindow.xib;
			sourceTree = "<group>";
		};
		25BEBAE60D171C8D00F7A797 /* DTermHelp */ = {
			isa = PBXVariantGroup;
			children = (
				25BEBAE70D171C8D00F7A797 /* English */,
			);
			name = DTermHelp;
			sourceTree = "<group>";
		};
		25E651550CF3B0B80072997F /* Preferences.xib */ = {
			isa = PBXVariantGroup;
			children = (
				25E651560CF3B0B80072997F /* English */,
			);
			name = Preferences.xib;
			sourceTree = "<group>";
		};
/* End PBXVariantGroup section */

/* Begin XCBuildConfiguration section */
		2571591B0CFFAA2C007181F4 /* Debug */ = {
			isa = XCBuildConfiguration;
			buildSettings = {
				BUNDLE_LOADER = "$(BUILT_PRODUCTS_DIR)/DTerm.app/Contents/MacOS/DTerm";
				COMBINE_HIDPI_IMAGES = YES;
				COPY_PHASE_STRIP = NO;
				FRAMEWORK_SEARCH_PATHS = (
					"$(inherited)",
					"$(DEVELOPER_FRAMEWORKS_DIR)",
				);
				GCC_DYNAMIC_NO_PIC = NO;
				GCC_ENABLE_FIX_AND_CONTINUE = NO;
				GCC_ENABLE_OBJC_EXCEPTIONS = YES;
				GCC_MODEL_TUNING = G5;
				GCC_OPTIMIZATION_LEVEL = 0;
				GCC_PRECOMPILE_PREFIX_HEADER = YES;
				GCC_PREFIX_HEADER = "$(SYSTEM_LIBRARY_DIR)/Frameworks/Cocoa.framework/Headers/Cocoa.h";
				INFOPLIST_FILE = "Tests/Tests-Info.plist";
				INSTALL_PATH = "$(USER_LIBRARY_DIR)/Bundles";
				OTHER_LDFLAGS = (
					"-framework",
					Cocoa,
				);
				PREBINDING = NO;
				PRODUCT_NAME = Tests;
				TEST_HOST = "$(BUNDLE_LOADER)";
			};
			name = Debug;
		};
		2571591C0CFFAA2C007181F4 /* Release */ = {
			isa = XCBuildConfiguration;
			buildSettings = {
				BUNDLE_LOADER = "$(BUILT_PRODUCTS_DIR)/DTerm.app/Contents/MacOS/DTerm";
				COMBINE_HIDPI_IMAGES = YES;
				COPY_PHASE_STRIP = YES;
				DEBUG_INFORMATION_FORMAT = "dwarf-with-dsym";
				FRAMEWORK_SEARCH_PATHS = (
					"$(inherited)",
					"$(DEVELOPER_FRAMEWORKS_DIR)",
				);
				GCC_ENABLE_FIX_AND_CONTINUE = NO;
				GCC_ENABLE_OBJC_EXCEPTIONS = YES;
				GCC_MODEL_TUNING = G5;
				GCC_PRECOMPILE_PREFIX_HEADER = YES;
				GCC_PREFIX_HEADER = "$(SYSTEM_LIBRARY_DIR)/Frameworks/Cocoa.framework/Headers/Cocoa.h";
				INFOPLIST_FILE = "Tests/Tests-Info.plist";
				INSTALL_PATH = "$(USER_LIBRARY_DIR)/Bundles";
				OTHER_LDFLAGS = (
					"-framework",
					Cocoa,
				);
				PREBINDING = NO;
				PRODUCT_NAME = Tests;
				TEST_HOST = "$(BUNDLE_LOADER)";
				ZERO_LINK = NO;
			};
			name = Release;
		};
		25A0CDCB0DE500010042D226 /* Debug */ = {
			isa = XCBuildConfiguration;
			buildSettings = {
				COPY_PHASE_STRIP = NO;
				PRODUCT_NAME = Revision;
			};
			name = Debug;
		};
		25A0CDCC0DE500010042D226 /* Release */ = {
			isa = XCBuildConfiguration;
			buildSettings = {
				COPY_PHASE_STRIP = YES;
				DEBUG_INFORMATION_FORMAT = "dwarf-with-dsym";
				GCC_ENABLE_FIX_AND_CONTINUE = NO;
				PRODUCT_NAME = Revision;
			};
			name = Release;
		};
		C01FCF4B08A954540054247B /* Debug */ = {
			isa = XCBuildConfiguration;
			buildSettings = {
				CLANG_ANALYZER_SECURITY_FLOATLOOPCOUNTER = YES;
				CLANG_ENABLE_OBJC_ARC = YES;
				CLANG_WARN_BOOL_CONVERSION = YES;
				CLANG_WARN_CONSTANT_CONVERSION = YES;
				CLANG_WARN_DEPRECATED_OBJC_IMPLEMENTATIONS = YES;
				CLANG_WARN_EMPTY_BODY = YES;
				CLANG_WARN_ENUM_CONVERSION = YES;
				CLANG_WARN_IMPLICIT_SIGN_CONVERSION = YES;
				CLANG_WARN_INT_CONVERSION = YES;
				CLANG_WARN_OBJC_EXPLICIT_OWNERSHIP_TYPE = YES;
				CLANG_WARN_OBJC_IMPLICIT_RETAIN_SELF = YES;
				CLANG_WARN_OBJC_RECEIVER_WEAK = YES;
				CLANG_WARN_OBJC_REPEATED_USE_OF_WEAK = YES;
				CLANG_WARN_SUSPICIOUS_IMPLICIT_CONVERSION = YES;
				CLANG_WARN_UNREACHABLE_CODE = YES;
				CLANG_WARN__DUPLICATE_METHOD_MATCH = YES;
				COMBINE_HIDPI_IMAGES = YES;
				GCC_PRECOMPILE_PREFIX_HEADER = YES;
				GCC_PREFIX_HEADER = DTerm_Prefix.pch;
				GCC_TREAT_IMPLICIT_FUNCTION_DECLARATIONS_AS_ERRORS = YES;
				GCC_TREAT_INCOMPATIBLE_POINTER_TYPE_WARNINGS_AS_ERRORS = YES;
				GCC_WARN_64_TO_32_BIT_CONVERSION = YES;
				GCC_WARN_ABOUT_MISSING_FIELD_INITIALIZERS = YES;
				GCC_WARN_ABOUT_MISSING_NEWLINE = YES;
				GCC_WARN_ABOUT_MISSING_PROTOTYPES = YES;
				GCC_WARN_INITIALIZER_NOT_FULLY_BRACKETED = YES;
				GCC_WARN_MULTIPLE_DEFINITION_TYPES_FOR_SELECTOR = YES;
				GCC_WARN_SHADOW = YES;
				GCC_WARN_SIGN_COMPARE = YES;
				GCC_WARN_STRICT_SELECTOR_MATCH = YES;
				GCC_WARN_UNDECLARED_SELECTOR = YES;
				GCC_WARN_UNINITIALIZED_AUTOS = YES;
				GCC_WARN_UNKNOWN_PRAGMAS = YES;
				GCC_WARN_UNUSED_FUNCTION = YES;
				GCC_WARN_UNUSED_LABEL = YES;
				GCC_WARN_UNUSED_PARAMETER = YES;
				INFOPLIST_FILE = Info.plist;
				INFOPLIST_OTHER_PREPROCESSOR_FLAGS = "-traditional";
				INFOPLIST_PREFIX_HEADER = $TARGET_BUILD_DIR/include/Revision.h;
				INFOPLIST_PREPROCESS = YES;
				INSTALL_PATH = "$(HOME)/Applications";
				PRODUCT_NAME = DTerm;
				WARNING_CFLAGS = (
					"-Wall",
					"-Wextra",
				);
				WRAPPER_EXTENSION = app;
			};
			name = Debug;
		};
		C01FCF4C08A954540054247B /* Release */ = {
			isa = XCBuildConfiguration;
			buildSettings = {
				CLANG_ANALYZER_SECURITY_FLOATLOOPCOUNTER = YES;
				CLANG_ENABLE_OBJC_ARC = YES;
				CLANG_WARN_BOOL_CONVERSION = YES;
				CLANG_WARN_CONSTANT_CONVERSION = YES;
				CLANG_WARN_DEPRECATED_OBJC_IMPLEMENTATIONS = YES;
				CLANG_WARN_EMPTY_BODY = YES;
				CLANG_WARN_ENUM_CONVERSION = YES;
				CLANG_WARN_IMPLICIT_SIGN_CONVERSION = YES;
				CLANG_WARN_INT_CONVERSION = YES;
				CLANG_WARN_OBJC_EXPLICIT_OWNERSHIP_TYPE = YES;
				CLANG_WARN_OBJC_IMPLICIT_RETAIN_SELF = YES;
				CLANG_WARN_OBJC_RECEIVER_WEAK = YES;
				CLANG_WARN_OBJC_REPEATED_USE_OF_WEAK = YES;
				CLANG_WARN_SUSPICIOUS_IMPLICIT_CONVERSION = YES;
				CLANG_WARN_UNREACHABLE_CODE = YES;
				CLANG_WARN__DUPLICATE_METHOD_MATCH = YES;
				COMBINE_HIDPI_IMAGES = YES;
				GCC_PRECOMPILE_PREFIX_HEADER = YES;
				GCC_PREFIX_HEADER = DTerm_Prefix.pch;
				GCC_TREAT_IMPLICIT_FUNCTION_DECLARATIONS_AS_ERRORS = YES;
				GCC_TREAT_INCOMPATIBLE_POINTER_TYPE_WARNINGS_AS_ERRORS = YES;
				GCC_WARN_64_TO_32_BIT_CONVERSION = YES;
				GCC_WARN_ABOUT_MISSING_FIELD_INITIALIZERS = YES;
				GCC_WARN_ABOUT_MISSING_NEWLINE = YES;
				GCC_WARN_ABOUT_MISSING_PROTOTYPES = YES;
				GCC_WARN_INITIALIZER_NOT_FULLY_BRACKETED = YES;
				GCC_WARN_MULTIPLE_DEFINITION_TYPES_FOR_SELECTOR = YES;
				GCC_WARN_SHADOW = YES;
				GCC_WARN_SIGN_COMPARE = YES;
				GCC_WARN_STRICT_SELECTOR_MATCH = YES;
				GCC_WARN_UNDECLARED_SELECTOR = YES;
				GCC_WARN_UNINITIALIZED_AUTOS = YES;
				GCC_WARN_UNKNOWN_PRAGMAS = YES;
				GCC_WARN_UNUSED_FUNCTION = YES;
				GCC_WARN_UNUSED_LABEL = YES;
				GCC_WARN_UNUSED_PARAMETER = YES;
				INFOPLIST_FILE = Info.plist;
				INFOPLIST_OTHER_PREPROCESSOR_FLAGS = "-traditional";
				INFOPLIST_PREFIX_HEADER = $TARGET_BUILD_DIR/include/Revision.h;
				INFOPLIST_PREPROCESS = YES;
				INSTALL_PATH = "$(HOME)/Applications";
				PRODUCT_NAME = DTerm;
				STRIP_INSTALLED_PRODUCT = YES;
				WARNING_CFLAGS = (
					"-Wall",
					"-Wextra",
				);
				WRAPPER_EXTENSION = app;
			};
			name = Release;
		};
		C01FCF4F08A954540054247B /* Debug */ = {
			isa = XCBuildConfiguration;
			buildSettings = {
				DEBUG_INFORMATION_FORMAT = dwarf;
				GCC_OPTIMIZATION_LEVEL = 0;
				GCC_WARN_ABOUT_RETURN_TYPE = YES;
				GCC_WARN_UNUSED_VARIABLE = YES;
				MACOSX_DEPLOYMENT_TARGET = 10.9;
				ONLY_ACTIVE_ARCH = YES;
			};
			name = Debug;
		};
		C01FCF5008A954540054247B /* Release */ = {
			isa = XCBuildConfiguration;
			buildSettings = {
				DEBUG_INFORMATION_FORMAT = "dwarf-with-dsym";
				GCC_WARN_ABOUT_RETURN_TYPE = YES;
				GCC_WARN_UNUSED_VARIABLE = YES;
				MACOSX_DEPLOYMENT_TARGET = 10.9;
			};
			name = Release;
		};
/* End XCBuildConfiguration section */

/* Begin XCConfigurationList section */
		2571591D0CFFAA2C007181F4 /* Build configuration list for PBXNativeTarget "Tests" */ = {
			isa = XCConfigurationList;
			buildConfigurations = (
				2571591B0CFFAA2C007181F4 /* Debug */,
				2571591C0CFFAA2C007181F4 /* Release */,
			);
			defaultConfigurationIsVisible = 0;
			defaultConfigurationName = Release;
		};
		25A0CDD20DE500200042D226 /* Build configuration list for PBXAggregateTarget "Revision" */ = {
			isa = XCConfigurationList;
			buildConfigurations = (
				25A0CDCB0DE500010042D226 /* Debug */,
				25A0CDCC0DE500010042D226 /* Release */,
			);
			defaultConfigurationIsVisible = 0;
			defaultConfigurationName = Release;
		};
		C01FCF4A08A954540054247B /* Build configuration list for PBXNativeTarget "DTerm" */ = {
			isa = XCConfigurationList;
			buildConfigurations = (
				C01FCF4B08A954540054247B /* Debug */,
				C01FCF4C08A954540054247B /* Release */,
			);
			defaultConfigurationIsVisible = 0;
			defaultConfigurationName = Release;
		};
		C01FCF4E08A954540054247B /* Build configuration list for PBXProject "DTerm" */ = {
			isa = XCConfigurationList;
			buildConfigurations = (
				C01FCF4F08A954540054247B /* Debug */,
				C01FCF5008A954540054247B /* Release */,
			);
			defaultConfigurationIsVisible = 0;
			defaultConfigurationName = Release;
		};
/* End XCConfigurationList section */
	};
	rootObject = 29B97313FDCFA39411CA2CEA /* Project object */;
}
